// !$*UTF8*$!
{
	archiveVersion = 1;
	classes = {
	};
	objectVersion = 55;
	objects = {

/* Begin PBXBuildFile section */
		FDD22AEA285B47E500118F93 /* AppDelegate.swift in Sources */ = {isa = PBXBuildFile; fileRef = FDD22AE9285B47E500118F93 /* AppDelegate.swift */; };
		FDD22AEC285B47E500118F93 /* SceneDelegate.swift in Sources */ = {isa = PBXBuildFile; fileRef = FDD22AEB285B47E500118F93 /* SceneDelegate.swift */; };
		FDD22AEE285B47E500118F93 /* ViewController.swift in Sources */ = {isa = PBXBuildFile; fileRef = FDD22AED285B47E500118F93 /* ViewController.swift */; };
		FDD22AF1285B47E500118F93 /* Main.storyboard in Resources */ = {isa = PBXBuildFile; fileRef = FDD22AEF285B47E500118F93 /* Main.storyboard */; };
		FDD22AF3285B47E700118F93 /* Assets.xcassets in Resources */ = {isa = PBXBuildFile; fileRef = FDD22AF2285B47E700118F93 /* Assets.xcassets */; };
		FDD22AF6285B47E700118F93 /* LaunchScreen.storyboard in Resources */ = {isa = PBXBuildFile; fileRef = FDD22AF4285B47E700118F93 /* LaunchScreen.storyboard */; };
		FDD22AFE285B483100118F93 /* UserView.swift in Sources */ = {isa = PBXBuildFile; fileRef = FDD22AFD285B483100118F93 /* UserView.swift */; };
		FDD22B03285B49B100118F93 /* UserView.xib in Resources */ = {isa = PBXBuildFile; fileRef = FDD22B02285B49B100118F93 /* UserView.xib */; };
/* End PBXBuildFile section */

/* Begin PBXFileReference section */
		FDD22AE6285B47E500118F93 /* Lession7-DelegatePattern.app */ = {isa = PBXFileReference; explicitFileType = wrapper.application; includeInIndex = 0; path = "Lession7-DelegatePattern.app"; sourceTree = BUILT_PRODUCTS_DIR; };
		FDD22AE9285B47E500118F93 /* AppDelegate.swift */ = {isa = PBXFileReference; lastKnownFileType = sourcecode.swift; path = AppDelegate.swift; sourceTree = "<group>"; };
		FDD22AEB285B47E500118F93 /* SceneDelegate.swift */ = {isa = PBXFileReference; lastKnownFileType = sourcecode.swift; path = SceneDelegate.swift; sourceTree = "<group>"; };
		FDD22AED285B47E500118F93 /* ViewController.swift */ = {isa = PBXFileReference; lastKnownFileType = sourcecode.swift; path = ViewController.swift; sourceTree = "<group>"; };
		FDD22AF0285B47E500118F93 /* Base */ = {isa = PBXFileReference; lastKnownFileType = file.storyboard; name = Base; path = Base.lproj/Main.storyboard; sourceTree = "<group>"; };
		FDD22AF2285B47E700118F93 /* Assets.xcassets */ = {isa = PBXFileReference; lastKnownFileType = folder.assetcatalog; path = Assets.xcassets; sourceTree = "<group>"; };
		FDD22AF5285B47E700118F93 /* Base */ = {isa = PBXFileReference; lastKnownFileType = file.storyboard; name = Base; path = Base.lproj/LaunchScreen.storyboard; sourceTree = "<group>"; };
		FDD22AF7285B47E700118F93 /* Info.plist */ = {isa = PBXFileReference; lastKnownFileType = text.plist.xml; path = Info.plist; sourceTree = "<group>"; };
		FDD22AFD285B483100118F93 /* UserView.swift */ = {isa = PBXFileReference; lastKnownFileType = sourcecode.swift; path = UserView.swift; sourceTree = "<group>"; };
		FDD22B02285B49B100118F93 /* UserView.xib */ = {isa = PBXFileReference; lastKnownFileType = file.xib; path = UserView.xib; sourceTree = "<group>"; };
/* End PBXFileReference section */

/* Begin PBXFrameworksBuildPhase section */
		FDD22AE3285B47E500118F93 /* Frameworks */ = {
			isa = PBXFrameworksBuildPhase;
			buildActionMask = 2147483647;
			files = (
			);
			runOnlyForDeploymentPostprocessing = 0;
		};
/* End PBXFrameworksBuildPhase section */

/* Begin PBXGroup section */
		FDD22ADD285B47E500118F93 = {
			isa = PBXGroup;
			children = (
				FDD22AE8285B47E500118F93 /* Lession7-DelegatePattern */,
				FDD22AE7285B47E500118F93 /* Products */,
			);
			sourceTree = "<group>";
		};
		FDD22AE7285B47E500118F93 /* Products */ = {
			isa = PBXGroup;
			children = (
				FDD22AE6285B47E500118F93 /* Lession7-DelegatePattern.app */,
			);
			name = Products;
			sourceTree = "<group>";
		};
		FDD22AE8285B47E500118F93 /* Lession7-DelegatePattern */ = {
			isa = PBXGroup;
			children = (
				FDD22AE9285B47E500118F93 /* AppDelegate.swift */,
				FDD22AEB285B47E500118F93 /* SceneDelegate.swift */,
				FDD22AFF285B483A00118F93 /* UserView */,
				FDD22AED285B47E500118F93 /* ViewController.swift */,
				FDD22AEF285B47E500118F93 /* Main.storyboard */,
				FDD22AF2285B47E700118F93 /* Assets.xcassets */,
				FDD22AF4285B47E700118F93 /* LaunchScreen.storyboard */,
				FDD22AF7285B47E700118F93 /* Info.plist */,
			);
			path = "Lession7-DelegatePattern";
			sourceTree = "<group>";
		};
		FDD22AFF285B483A00118F93 /* UserView */ = {
			isa = PBXGroup;
			children = (
				FDD22AFD285B483100118F93 /* UserView.swift */,
				FDD22B02285B49B100118F93 /* UserView.xib */,
			);
			path = UserView;
			sourceTree = "<group>";
		};
/* End PBXGroup section */

/* Begin PBXNativeTarget section */
		FDD22AE5285B47E500118F93 /* Lession7-DelegatePattern */ = {
			isa = PBXNativeTarget;
			buildConfigurationList = FDD22AFA285B47E700118F93 /* Build configuration list for PBXNativeTarget "Lession7-DelegatePattern" */;
			buildPhases = (
				FDD22AE2285B47E500118F93 /* Sources */,
				FDD22AE3285B47E500118F93 /* Frameworks */,
				FDD22AE4285B47E500118F93 /* Resources */,
			);
			buildRules = (
			);
			dependencies = (
			);
			name = "Lession7-DelegatePattern";
			productName = "Lession7-DelegatePattern";
			productReference = FDD22AE6285B47E500118F93 /* Lession7-DelegatePattern.app */;
			productType = "com.apple.product-type.application";
		};
/* End PBXNativeTarget section */

/* Begin PBXProject section */
		FDD22ADE285B47E500118F93 /* Project object */ = {
			isa = PBXProject;
			attributes = {
				BuildIndependentTargetsInParallel = 1;
				LastSwiftUpdateCheck = 1340;
				LastUpgradeCheck = 1340;
				TargetAttributes = {
					FDD22AE5285B47E500118F93 = {
						CreatedOnToolsVersion = 13.4.1;
					};
				};
			};
			buildConfigurationList = FDD22AE1285B47E500118F93 /* Build configuration list for PBXProject "Lession7-DelegatePattern" */;
			compatibilityVersion = "Xcode 13.0";
			developmentRegion = en;
			hasScannedForEncodings = 0;
			knownRegions = (
				en,
				Base,
			);
			mainGroup = FDD22ADD285B47E500118F93;
			productRefGroup = FDD22AE7285B47E500118F93 /* Products */;
			projectDirPath = "";
			projectRoot = "";
			targets = (
				FDD22AE5285B47E500118F93 /* Lession7-DelegatePattern */,
			);
		};
/* End PBXProject section */

/* Begin PBXResourcesBuildPhase section */
		FDD22AE4285B47E500118F93 /* Resources */ = {
			isa = PBXResourcesBuildPhase;
			buildActionMask = 2147483647;
			files = (
				FDD22AF6285B47E700118F93 /* LaunchScreen.storyboard in Resources */,
				FDD22AF3285B47E700118F93 /* Assets.xcassets in Resources */,
				FDD22AF1285B47E500118F93 /* Main.storyboard in Resources */,
				FDD22B03285B49B100118F93 /* UserView.xib in Resources */,
			);
			runOnlyForDeploymentPostprocessing = 0;
		};
/* End PBXResourcesBuildPhase section */

/* Begin PBXSourcesBuildPhase section */
		FDD22AE2285B47E500118F93 /* Sources */ = {
			isa = PBXSourcesBuildPhase;
			buildActionMask = 2147483647;
			files = (
				FDD22AEE285B47E500118F93 /* ViewController.swift in Sources */,
				FDD22AEA285B47E500118F93 /* AppDelegate.swift in Sources */,
				FDD22AEC285B47E500118F93 /* SceneDelegate.swift in Sources */,
				FDD22AFE285B483100118F93 /* UserView.swift in Sources */,
			);
			runOnlyForDeploymentPostprocessing = 0;
		};
/* End PBXSourcesBuildPhase section */

/* Begin PBXVariantGroup section */
		FDD22AEF285B47E500118F93 /* Main.storyboard */ = {
			isa = PBXVariantGroup;
			children = (
				FDD22AF0285B47E500118F93 /* Base */,
			);
			name = Main.storyboard;
			sourceTree = "<group>";
		};
		FDD22AF4285B47E700118F93 /* LaunchScreen.storyboard */ = {
			isa = PBXVariantGroup;
			children = (
				FDD22AF5285B47E700118F93 /* Base */,
			);
			name = LaunchScreen.storyboard;
			sourceTree = "<group>";
		};
/* End PBXVariantGroup section */

/* Begin XCBuildConfiguration section */
		FDD22AF8285B47E700118F93 /* Debug */ = {
			isa = XCBuildConfiguration;
			buildSettings = {
				ALWAYS_SEARCH_USER_PATHS = NO;
				CLANG_ANALYZER_NONNULL = YES;
				CLANG_ANALYZER_NUMBER_OBJECT_CONVERSION = YES_AGGRESSIVE;
				CLANG_CXX_LANGUAGE_STANDARD = "gnu++17";
				CLANG_ENABLE_MODULES = YES;
				CLANG_ENABLE_OBJC_ARC = YES;
				CLANG_ENABLE_OBJC_WEAK = YES;
				CLANG_WARN_BLOCK_CAPTURE_AUTORELEASING = YES;
				CLANG_WARN_BOOL_CONVERSION = YES;
				CLANG_WARN_COMMA = YES;
				CLANG_WARN_CONSTANT_CONVERSION = YES;
				CLANG_WARN_DEPRECATED_OBJC_IMPLEMENTATIONS = YES;
				CLANG_WARN_DIRECT_OBJC_ISA_USAGE = YES_ERROR;
				CLANG_WARN_DOCUMENTATION_COMMENTS = YES;
				CLANG_WARN_EMPTY_BODY = YES;
				CLANG_WARN_ENUM_CONVERSION = YES;
				CLANG_WARN_INFINITE_RECURSION = YES;
				CLANG_WARN_INT_CONVERSION = YES;
				CLANG_WARN_NON_LITERAL_NULL_CONVERSION = YES;
				CLANG_WARN_OBJC_IMPLICIT_RETAIN_SELF = YES;
				CLANG_WARN_OBJC_LITERAL_CONVERSION = YES;
				CLANG_WARN_OBJC_ROOT_CLASS = YES_ERROR;
				CLANG_WARN_QUOTED_INCLUDE_IN_FRAMEWORK_HEADER = YES;
				CLANG_WARN_RANGE_LOOP_ANALYSIS = YES;
				CLANG_WARN_STRICT_PROTOTYPES = YES;
				CLANG_WARN_SUSPICIOUS_MOVE = YES;
				CLANG_WARN_UNGUARDED_AVAILABILITY = YES_AGGRESSIVE;
				CLANG_WARN_UNREACHABLE_CODE = YES;
				CLANG_WARN__DUPLICATE_METHOD_MATCH = YES;
				COPY_PHASE_STRIP = NO;
				DEBUG_INFORMATION_FORMAT = dwarf;
				ENABLE_STRICT_OBJC_MSGSEND = YES;
				ENABLE_TESTABILITY = YES;
				GCC_C_LANGUAGE_STANDARD = gnu11;
				GCC_DYNAMIC_NO_PIC = NO;
				GCC_NO_COMMON_BLOCKS = YES;
				GCC_OPTIMIZATION_LEVEL = 0;
				GCC_PREPROCESSOR_DEFINITIONS = (
					"DEBUG=1",
					"$(inherited)",
				);
				GCC_WARN_64_TO_32_BIT_CONVERSION = YES;
				GCC_WARN_ABOUT_RETURN_TYPE = YES_ERROR;
				GCC_WARN_UNDECLARED_SELECTOR = YES;
				GCC_WARN_UNINITIALIZED_AUTOS = YES_AGGRESSIVE;
				GCC_WARN_UNUSED_FUNCTION = YES;
				GCC_WARN_UNUSED_VARIABLE = YES;
				IPHONEOS_DEPLOYMENT_TARGET = 15.5;
				MTL_ENABLE_DEBUG_INFO = INCLUDE_SOURCE;
				MTL_FAST_MATH = YES;
				ONLY_ACTIVE_ARCH = YES;
				SDKROOT = iphoneos;
				SWIFT_ACTIVE_COMPILATION_CONDITIONS = DEBUG;
				SWIFT_OPTIMIZATION_LEVEL = "-Onone";
			};
			name = Debug;
		};
		FDD22AF9285B47E700118F93 /* Release */ = {
			isa = XCBuildConfiguration;
			buildSettings = {
				ALWAYS_SEARCH_USER_PATHS = NO;
				CLANG_ANALYZER_NONNULL = YES;
				CLANG_ANALYZER_NUMBER_OBJECT_CONVERSION = YES_AGGRESSIVE;
				CLANG_CXX_LANGUAGE_STANDARD = "gnu++17";
				CLANG_ENABLE_MODULES = YES;
				CLANG_ENABLE_OBJC_ARC = YES;
				CLANG_ENABLE_OBJC_WEAK = YES;
				CLANG_WARN_BLOCK_CAPTURE_AUTORELEASING = YES;
				CLANG_WARN_BOOL_CONVERSION = YES;
				CLANG_WARN_COMMA = YES;
				CLANG_WARN_CONSTANT_CONVERSION = YES;
				CLANG_WARN_DEPRECATED_OBJC_IMPLEMENTATIONS = YES;
				CLANG_WARN_DIRECT_OBJC_ISA_USAGE = YES_ERROR;
				CLANG_WARN_DOCUMENTATION_COMMENTS = YES;
				CLANG_WARN_EMPTY_BODY = YES;
				CLANG_WARN_ENUM_CONVERSION = YES;
				CLANG_WARN_INFINITE_RECURSION = YES;
				CLANG_WARN_INT_CONVERSION = YES;
				CLANG_WARN_NON_LITERAL_NULL_CONVERSION = YES;
				CLANG_WARN_OBJC_IMPLICIT_RETAIN_SELF = YES;
				CLANG_WARN_OBJC_LITERAL_CONVERSION = YES;
				CLANG_WARN_OBJC_ROOT_CLASS = YES_ERROR;
				CLANG_WARN_QUOTED_INCLUDE_IN_FRAMEWORK_HEADER = YES;
				CLANG_WARN_RANGE_LOOP_ANALYSIS = YES;
				CLANG_WARN_STRICT_PROTOTYPES = YES;
				CLANG_WARN_SUSPICIOUS_MOVE = YES;
				CLANG_WARN_UNGUARDED_AVAILABILITY = YES_AGGRESSIVE;
				CLANG_WARN_UNREACHABLE_CODE = YES;
				CLANG_WARN__DUPLICATE_METHOD_MATCH = YES;
				COPY_PHASE_STRIP = NO;
				DEBUG_INFORMATION_FORMAT = "dwarf-with-dsym";
				ENABLE_NS_ASSERTIONS = NO;
				ENABLE_STRICT_OBJC_MSGSEND = YES;
				GCC_C_LANGUAGE_STANDARD = gnu11;
				GCC_NO_COMMON_BLOCKS = YES;
				GCC_WARN_64_TO_32_BIT_CONVERSION = YES;
				GCC_WARN_ABOUT_RETURN_TYPE = YES_ERROR;
				GCC_WARN_UNDECLARED_SELECTOR = YES;
				GCC_WARN_UNINITIALIZED_AUTOS = YES_AGGRESSIVE;
				GCC_WARN_UNUSED_FUNCTION = YES;
				GCC_WARN_UNUSED_VARIABLE = YES;
				IPHONEOS_DEPLOYMENT_TARGET = 15.5;
				MTL_ENABLE_DEBUG_INFO = NO;
				MTL_FAST_MATH = YES;
				SDKROOT = iphoneos;
				SWIFT_COMPILATION_MODE = wholemodule;
				SWIFT_OPTIMIZATION_LEVEL = "-O";
				VALIDATE_PRODUCT = YES;
			};
			name = Release;
		};
		FDD22AFB285B47E700118F93 /* Debug */ = {
			isa = XCBuildConfiguration;
			buildSettings = {
				ASSETCATALOG_COMPILER_APPICON_NAME = AppIcon;
				ASSETCATALOG_COMPILER_GLOBAL_ACCENT_COLOR_NAME = AccentColor;
				CODE_SIGN_STYLE = Automatic;
				CURRENT_PROJECT_VERSION = 1;
				GENERATE_INFOPLIST_FILE = YES;
				INFOPLIST_FILE = "Lession7-DelegatePattern/Info.plist";
				INFOPLIST_KEY_UIApplicationSupportsIndirectInputEvents = YES;
				INFOPLIST_KEY_UILaunchStoryboardName = LaunchScreen;
				INFOPLIST_KEY_UIMainStoryboardFile = Main;
				INFOPLIST_KEY_UISupportedInterfaceOrientations_iPad = "UIInterfaceOrientationPortrait UIInterfaceOrientationPortraitUpsideDown UIInterfaceOrientationLandscapeLeft UIInterfaceOrientationLandscapeRight";
				INFOPLIST_KEY_UISupportedInterfaceOrientations_iPhone = "UIInterfaceOrientationPortrait UIInterfaceOrientationLandscapeLeft UIInterfaceOrientationLandscapeRight";
				LD_RUNPATH_SEARCH_PATHS = (
					"$(inherited)",
					"@executable_path/Frameworks",
				);
				MARKETING_VERSION = 1.0;
				PRODUCT_BUNDLE_IDENTIFIER = "com.free.demo.Lession7-DelegatePattern";
				PRODUCT_NAME = "$(TARGET_NAME)";
				SWIFT_EMIT_LOC_STRINGS = YES;
				SWIFT_VERSION = 5.0;
				TARGETED_DEVICE_FAMILY = "1,2";
			};
			name = Debug;
		};
		FDD22AFC285B47E700118F93 /* Release */ = {
			isa = XCBuildConfiguration;
			buildSettings = {
				ASSETCATALOG_COMPILER_APPICON_NAME = AppIcon;
				ASSETCATALOG_COMPILER_GLOBAL_ACCENT_COLOR_NAME = AccentColor;
				CODE_SIGN_STYLE = Automatic;
				CURRENT_PROJECT_VERSION = 1;
				GENERATE_INFOPLIST_FILE = YES;
				INFOPLIST_FILE = "Lession7-DelegatePattern/Info.plist";
				INFOPLIST_KEY_UIApplicationSupportsIndirectInputEvents = YES;
				INFOPLIST_KEY_UILaunchStoryboardName = LaunchScreen;
				INFOPLIST_KEY_UIMainStoryboardFile = Main;
				INFOPLIST_KEY_UISupportedInterfaceOrientations_iPad = "UIInterfaceOrientationPortrait UIInterfaceOrientationPortraitUpsideDown UIInterfaceOrientationLandscapeLeft UIInterfaceOrientationLandscapeRight";
				INFOPLIST_KEY_UISupportedInterfaceOrientations_iPhone = "UIInterfaceOrientationPortrait UIInterfaceOrientationLandscapeLeft UIInterfaceOrientationLandscapeRight";
				LD_RUNPATH_SEARCH_PATHS = (
					"$(inherited)",
					"@executable_path/Frameworks",
				);
				MARKETING_VERSION = 1.0;
				PRODUCT_BUNDLE_IDENTIFIER = "com.free.demo.Lession7-DelegatePattern";
				PRODUCT_NAME = "$(TARGET_NAME)";
				SWIFT_EMIT_LOC_STRINGS = YES;
				SWIFT_VERSION = 5.0;
				TARGETED_DEVICE_FAMILY = "1,2";
			};
			name = Release;
		};
/* End XCBuildConfiguration section */

/* Begin XCConfigurationList section */
		FDD22AE1285B47E500118F93 /* Build configuration list for PBXProject "Lession7-DelegatePattern" */ = {
			isa = XCConfigurationList;
			buildConfigurations = (
				FDD22AF8285B47E700118F93 /* Debug */,
				FDD22AF9285B47E700118F93 /* Release */,
			);
			defaultConfigurationIsVisible = 0;
			defaultConfigurationName = Release;
		};
		FDD22AFA285B47E700118F93 /* Build configuration list for PBXNativeTarget "Lession7-DelegatePattern" */ = {
			isa = XCConfigurationList;
			buildConfigurations = (
				FDD22AFB285B47E700118F93 /* Debug */,
				FDD22AFC285B47E700118F93 /* Release */,
			);
			defaultConfigurationIsVisible = 0;
			defaultConfigurationName = Release;
		};
/* End XCConfigurationList section */
	};
	rootObject = FDD22ADE285B47E500118F93 /* Project object */;
}
