// !$*UTF8*$!
{
	archiveVersion = 1;
	classes = {
	};
	objectVersion = 55;
	objects = {

/* Begin PBXBuildFile section */
		FDA62F542861807800943AF9 /* AppDelegate.swift in Sources */ = {isa = PBXBuildFile; fileRef = FDA62F532861807800943AF9 /* AppDelegate.swift */; };
		FDA62F562861807800943AF9 /* SceneDelegate.swift in Sources */ = {isa = PBXBuildFile; fileRef = FDA62F552861807800943AF9 /* SceneDelegate.swift */; };
		FDA62F582861807800943AF9 /* ViewController.swift in Sources */ = {isa = PBXBuildFile; fileRef = FDA62F572861807800943AF9 /* ViewController.swift */; };
		FDA62F5B2861807800943AF9 /* Main.storyboard in Resources */ = {isa = PBXBuildFile; fileRef = FDA62F592861807800943AF9 /* Main.storyboard */; };
		FDA62F5D2861807A00943AF9 /* Assets.xcassets in Resources */ = {isa = PBXBuildFile; fileRef = FDA62F5C2861807A00943AF9 /* Assets.xcassets */; };
		FDA62F602861807A00943AF9 /* LaunchScreen.storyboard in Resources */ = {isa = PBXBuildFile; fileRef = FDA62F5E2861807A00943AF9 /* LaunchScreen.storyboard */; };
		FDA630162861D13C00943AF9 /* HomeViewModel.swift in Sources */ = {isa = PBXBuildFile; fileRef = FDA630152861D13C00943AF9 /* HomeViewModel.swift */; };
		FDA630182861D54100943AF9 /* Data.Ext.swift in Sources */ = {isa = PBXBuildFile; fileRef = FDA630172861D54100943AF9 /* Data.Ext.swift */; };
		FDA6301D2861D5D200943AF9 /* HomeCell.swift in Sources */ = {isa = PBXBuildFile; fileRef = FDA6301B2861D5D200943AF9 /* HomeCell.swift */; };
		FDA6301E2861D5D200943AF9 /* HomeCell.xib in Resources */ = {isa = PBXBuildFile; fileRef = FDA6301C2861D5D200943AF9 /* HomeCell.xib */; };
		FDA630202861DAB800943AF9 /* Music.swift in Sources */ = {isa = PBXBuildFile; fileRef = FDA6301F2861DAB800943AF9 /* Music.swift */; };
		FDA630222861DAF700943AF9 /* Networking.swift in Sources */ = {isa = PBXBuildFile; fileRef = FDA630212861DAF700943AF9 /* Networking.swift */; };
/* End PBXBuildFile section */

/* Begin PBXFileReference section */
		FDA62F502861807800943AF9 /* Lession16-ConnectNetworking.app */ = {isa = PBXFileReference; explicitFileType = wrapper.application; includeInIndex = 0; path = "Lession16-ConnectNetworking.app"; sourceTree = BUILT_PRODUCTS_DIR; };
		FDA62F532861807800943AF9 /* AppDelegate.swift */ = {isa = PBXFileReference; lastKnownFileType = sourcecode.swift; path = AppDelegate.swift; sourceTree = "<group>"; };
		FDA62F552861807800943AF9 /* SceneDelegate.swift */ = {isa = PBXFileReference; lastKnownFileType = sourcecode.swift; path = SceneDelegate.swift; sourceTree = "<group>"; };
		FDA62F572861807800943AF9 /* ViewController.swift */ = {isa = PBXFileReference; lastKnownFileType = sourcecode.swift; path = ViewController.swift; sourceTree = "<group>"; };
		FDA62F5A2861807800943AF9 /* Base */ = {isa = PBXFileReference; lastKnownFileType = file.storyboard; name = Base; path = Base.lproj/Main.storyboard; sourceTree = "<group>"; };
		FDA62F5C2861807A00943AF9 /* Assets.xcassets */ = {isa = PBXFileReference; lastKnownFileType = folder.assetcatalog; path = Assets.xcassets; sourceTree = "<group>"; };
		FDA62F5F2861807A00943AF9 /* Base */ = {isa = PBXFileReference; lastKnownFileType = file.storyboard; name = Base; path = Base.lproj/LaunchScreen.storyboard; sourceTree = "<group>"; };
		FDA62F612861807A00943AF9 /* Info.plist */ = {isa = PBXFileReference; lastKnownFileType = text.plist.xml; path = Info.plist; sourceTree = "<group>"; };
		FDA630152861D13C00943AF9 /* HomeViewModel.swift */ = {isa = PBXFileReference; lastKnownFileType = sourcecode.swift; path = HomeViewModel.swift; sourceTree = "<group>"; };
		FDA630172861D54100943AF9 /* Data.Ext.swift */ = {isa = PBXFileReference; lastKnownFileType = sourcecode.swift; path = Data.Ext.swift; sourceTree = "<group>"; };
		FDA6301B2861D5D200943AF9 /* HomeCell.swift */ = {isa = PBXFileReference; lastKnownFileType = sourcecode.swift; path = HomeCell.swift; sourceTree = "<group>"; };
		FDA6301C2861D5D200943AF9 /* HomeCell.xib */ = {isa = PBXFileReference; lastKnownFileType = file.xib; path = HomeCell.xib; sourceTree = "<group>"; };
		FDA6301F2861DAB800943AF9 /* Music.swift */ = {isa = PBXFileReference; lastKnownFileType = sourcecode.swift; path = Music.swift; sourceTree = "<group>"; };
		FDA630212861DAF700943AF9 /* Networking.swift */ = {isa = PBXFileReference; lastKnownFileType = sourcecode.swift; path = Networking.swift; sourceTree = "<group>"; };
/* End PBXFileReference section */

/* Begin PBXFrameworksBuildPhase section */
		FDA62F4D2861807800943AF9 /* Frameworks */ = {
			isa = PBXFrameworksBuildPhase;
			buildActionMask = 2147483647;
			files = (
			);
			runOnlyForDeploymentPostprocessing = 0;
		};
/* End PBXFrameworksBuildPhase section */

/* Begin PBXGroup section */
		FDA62F472861807800943AF9 = {
			isa = PBXGroup;
			children = (
				FDA62F522861807800943AF9 /* Lession16-ConnectNetworking */,
				FDA62F512861807800943AF9 /* Products */,
			);
			sourceTree = "<group>";
		};
		FDA62F512861807800943AF9 /* Products */ = {
			isa = PBXGroup;
			children = (
				FDA62F502861807800943AF9 /* Lession16-ConnectNetworking.app */,
			);
			name = Products;
			sourceTree = "<group>";
		};
		FDA62F522861807800943AF9 /* Lession16-ConnectNetworking */ = {
			isa = PBXGroup;
			children = (
				FDA6301A2861D5A200943AF9 /* TableCell */,
				FDA630192861D54B00943AF9 /* AppDelegate */,
				FDA630172861D54100943AF9 /* Data.Ext.swift */,
				FDA62F572861807800943AF9 /* ViewController.swift */,
				FDA630152861D13C00943AF9 /* HomeViewModel.swift */,
				FDA6301F2861DAB800943AF9 /* Music.swift */,
				FDA630212861DAF700943AF9 /* Networking.swift */,
				FDA62F592861807800943AF9 /* Main.storyboard */,
				FDA62F5C2861807A00943AF9 /* Assets.xcassets */,
				FDA62F5E2861807A00943AF9 /* LaunchScreen.storyboard */,
				FDA62F612861807A00943AF9 /* Info.plist */,
			);
			path = "Lession16-ConnectNetworking";
			sourceTree = "<group>";
		};
		FDA630192861D54B00943AF9 /* AppDelegate */ = {
			isa = PBXGroup;
			children = (
				FDA62F532861807800943AF9 /* AppDelegate.swift */,
				FDA62F552861807800943AF9 /* SceneDelegate.swift */,
			);
			path = AppDelegate;
			sourceTree = "<group>";
		};
		FDA6301A2861D5A200943AF9 /* TableCell */ = {
			isa = PBXGroup;
			children = (
				FDA6301B2861D5D200943AF9 /* HomeCell.swift */,
				FDA6301C2861D5D200943AF9 /* HomeCell.xib */,
			);
			path = TableCell;
			sourceTree = "<group>";
		};
/* End PBXGroup section */

/* Begin PBXNativeTarget section */
		FDA62F4F2861807800943AF9 /* Lession16-ConnectNetworking */ = {
			isa = PBXNativeTarget;
			buildConfigurationList = FDA62F642861807A00943AF9 /* Build configuration list for PBXNativeTarget "Lession16-ConnectNetworking" */;
			buildPhases = (
				FDA62F4C2861807800943AF9 /* Sources */,
				FDA62F4D2861807800943AF9 /* Frameworks */,
				FDA62F4E2861807800943AF9 /* Resources */,
			);
			buildRules = (
			);
			dependencies = (
			);
			name = "Lession16-ConnectNetworking";
			productName = "Lession16-ConnectNetworking";
			productReference = FDA62F502861807800943AF9 /* Lession16-ConnectNetworking.app */;
			productType = "com.apple.product-type.application";
		};
/* End PBXNativeTarget section */

/* Begin PBXProject section */
		FDA62F482861807800943AF9 /* Project object */ = {
			isa = PBXProject;
			attributes = {
				BuildIndependentTargetsInParallel = 1;
				LastSwiftUpdateCheck = 1340;
				LastUpgradeCheck = 1340;
				TargetAttributes = {
					FDA62F4F2861807800943AF9 = {
						CreatedOnToolsVersion = 13.4.1;
					};
				};
			};
			buildConfigurationList = FDA62F4B2861807800943AF9 /* Build configuration list for PBXProject "Lession16-ConnectNetworking" */;
			compatibilityVersion = "Xcode 13.0";
			developmentRegion = en;
			hasScannedForEncodings = 0;
			knownRegions = (
				en,
				Base,
			);
			mainGroup = FDA62F472861807800943AF9;
			productRefGroup = FDA62F512861807800943AF9 /* Products */;
			projectDirPath = "";
			projectRoot = "";
			targets = (
				FDA62F4F2861807800943AF9 /* Lession16-ConnectNetworking */,
			);
		};
/* End PBXProject section */

/* Begin PBXResourcesBuildPhase section */
		FDA62F4E2861807800943AF9 /* Resources */ = {
			isa = PBXResourcesBuildPhase;
			buildActionMask = 2147483647;
			files = (
				FDA62F602861807A00943AF9 /* LaunchScreen.storyboard in Resources */,
				FDA62F5D2861807A00943AF9 /* Assets.xcassets in Resources */,
				FDA6301E2861D5D200943AF9 /* HomeCell.xib in Resources */,
				FDA62F5B2861807800943AF9 /* Main.storyboard in Resources */,
			);
			runOnlyForDeploymentPostprocessing = 0;
		};
/* End PBXResourcesBuildPhase section */

/* Begin PBXSourcesBuildPhase section */
		FDA62F4C2861807800943AF9 /* Sources */ = {
			isa = PBXSourcesBuildPhase;
			buildActionMask = 2147483647;
			files = (
				FDA62F582861807800943AF9 /* ViewController.swift in Sources */,
				FDA62F542861807800943AF9 /* AppDelegate.swift in Sources */,
				FDA62F562861807800943AF9 /* SceneDelegate.swift in Sources */,
				FDA630222861DAF700943AF9 /* Networking.swift in Sources */,
				FDA630182861D54100943AF9 /* Data.Ext.swift in Sources */,
				FDA630202861DAB800943AF9 /* Music.swift in Sources */,
				FDA6301D2861D5D200943AF9 /* HomeCell.swift in Sources */,
				FDA630162861D13C00943AF9 /* HomeViewModel.swift in Sources */,
			);
			runOnlyForDeploymentPostprocessing = 0;
		};
/* End PBXSourcesBuildPhase section */

/* Begin PBXVariantGroup section */
		FDA62F592861807800943AF9 /* Main.storyboard */ = {
			isa = PBXVariantGroup;
			children = (
				FDA62F5A2861807800943AF9 /* Base */,
			);
			name = Main.storyboard;
			sourceTree = "<group>";
		};
		FDA62F5E2861807A00943AF9 /* LaunchScreen.storyboard */ = {
			isa = PBXVariantGroup;
			children = (
				FDA62F5F2861807A00943AF9 /* Base */,
			);
			name = LaunchScreen.storyboard;
			sourceTree = "<group>";
		};
/* End PBXVariantGroup section */

/* Begin XCBuildConfiguration section */
		FDA62F622861807A00943AF9 /* Debug */ = {
			isa = XCBuildConfiguration;
			buildSettings = {
				ALWAYS_SEARCH_USER_PATHS = NO;
				CLANG_ANALYZER_NONNULL = YES;
				CLANG_ANALYZER_NUMBER_OBJECT_CONVERSION = YES_AGGRESSIVE;
				CLANG_CXX_LANGUAGE_STANDARD = "gnu++17";
				CLANG_ENABLE_MODULES = YES;
				CLANG_ENABLE_OBJC_ARC = YES;
				CLANG_ENABLE_OBJC_WEAK = YES;
				CLANG_WARN_BLOCK_CAPTURE_AUTORELEASING = YES;
				CLANG_WARN_BOOL_CONVERSION = YES;
				CLANG_WARN_COMMA = YES;
				CLANG_WARN_CONSTANT_CONVERSION = YES;
				CLANG_WARN_DEPRECATED_OBJC_IMPLEMENTATIONS = YES;
				CLANG_WARN_DIRECT_OBJC_ISA_USAGE = YES_ERROR;
				CLANG_WARN_DOCUMENTATION_COMMENTS = YES;
				CLANG_WARN_EMPTY_BODY = YES;
				CLANG_WARN_ENUM_CONVERSION = YES;
				CLANG_WARN_INFINITE_RECURSION = YES;
				CLANG_WARN_INT_CONVERSION = YES;
				CLANG_WARN_NON_LITERAL_NULL_CONVERSION = YES;
				CLANG_WARN_OBJC_IMPLICIT_RETAIN_SELF = YES;
				CLANG_WARN_OBJC_LITERAL_CONVERSION = YES;
				CLANG_WARN_OBJC_ROOT_CLASS = YES_ERROR;
				CLANG_WARN_QUOTED_INCLUDE_IN_FRAMEWORK_HEADER = YES;
				CLANG_WARN_RANGE_LOOP_ANALYSIS = YES;
				CLANG_WARN_STRICT_PROTOTYPES = YES;
				CLANG_WARN_SUSPICIOUS_MOVE = YES;
				CLANG_WARN_UNGUARDED_AVAILABILITY = YES_AGGRESSIVE;
				CLANG_WARN_UNREACHABLE_CODE = YES;
				CLANG_WARN__DUPLICATE_METHOD_MATCH = YES;
				COPY_PHASE_STRIP = NO;
				DEBUG_INFORMATION_FORMAT = dwarf;
				ENABLE_STRICT_OBJC_MSGSEND = YES;
				ENABLE_TESTABILITY = YES;
				GCC_C_LANGUAGE_STANDARD = gnu11;
				GCC_DYNAMIC_NO_PIC = NO;
				GCC_NO_COMMON_BLOCKS = YES;
				GCC_OPTIMIZATION_LEVEL = 0;
				GCC_PREPROCESSOR_DEFINITIONS = (
					"DEBUG=1",
					"$(inherited)",
				);
				GCC_WARN_64_TO_32_BIT_CONVERSION = YES;
				GCC_WARN_ABOUT_RETURN_TYPE = YES_ERROR;
				GCC_WARN_UNDECLARED_SELECTOR = YES;
				GCC_WARN_UNINITIALIZED_AUTOS = YES_AGGRESSIVE;
				GCC_WARN_UNUSED_FUNCTION = YES;
				GCC_WARN_UNUSED_VARIABLE = YES;
				IPHONEOS_DEPLOYMENT_TARGET = 15.5;
				MTL_ENABLE_DEBUG_INFO = INCLUDE_SOURCE;
				MTL_FAST_MATH = YES;
				ONLY_ACTIVE_ARCH = YES;
				SDKROOT = iphoneos;
				SWIFT_ACTIVE_COMPILATION_CONDITIONS = DEBUG;
				SWIFT_OPTIMIZATION_LEVEL = "-Onone";
			};
			name = Debug;
		};
		FDA62F632861807A00943AF9 /* Release */ = {
			isa = XCBuildConfiguration;
			buildSettings = {
				ALWAYS_SEARCH_USER_PATHS = NO;
				CLANG_ANALYZER_NONNULL = YES;
				CLANG_ANALYZER_NUMBER_OBJECT_CONVERSION = YES_AGGRESSIVE;
				CLANG_CXX_LANGUAGE_STANDARD = "gnu++17";
				CLANG_ENABLE_MODULES = YES;
				CLANG_ENABLE_OBJC_ARC = YES;
				CLANG_ENABLE_OBJC_WEAK = YES;
				CLANG_WARN_BLOCK_CAPTURE_AUTORELEASING = YES;
				CLANG_WARN_BOOL_CONVERSION = YES;
				CLANG_WARN_COMMA = YES;
				CLANG_WARN_CONSTANT_CONVERSION = YES;
				CLANG_WARN_DEPRECATED_OBJC_IMPLEMENTATIONS = YES;
				CLANG_WARN_DIRECT_OBJC_ISA_USAGE = YES_ERROR;
				CLANG_WARN_DOCUMENTATION_COMMENTS = YES;
				CLANG_WARN_EMPTY_BODY = YES;
				CLANG_WARN_ENUM_CONVERSION = YES;
				CLANG_WARN_INFINITE_RECURSION = YES;
				CLANG_WARN_INT_CONVERSION = YES;
				CLANG_WARN_NON_LITERAL_NULL_CONVERSION = YES;
				CLANG_WARN_OBJC_IMPLICIT_RETAIN_SELF = YES;
				CLANG_WARN_OBJC_LITERAL_CONVERSION = YES;
				CLANG_WARN_OBJC_ROOT_CLASS = YES_ERROR;
				CLANG_WARN_QUOTED_INCLUDE_IN_FRAMEWORK_HEADER = YES;
				CLANG_WARN_RANGE_LOOP_ANALYSIS = YES;
				CLANG_WARN_STRICT_PROTOTYPES = YES;
				CLANG_WARN_SUSPICIOUS_MOVE = YES;
				CLANG_WARN_UNGUARDED_AVAILABILITY = YES_AGGRESSIVE;
				CLANG_WARN_UNREACHABLE_CODE = YES;
				CLANG_WARN__DUPLICATE_METHOD_MATCH = YES;
				COPY_PHASE_STRIP = NO;
				DEBUG_INFORMATION_FORMAT = "dwarf-with-dsym";
				ENABLE_NS_ASSERTIONS = NO;
				ENABLE_STRICT_OBJC_MSGSEND = YES;
				GCC_C_LANGUAGE_STANDARD = gnu11;
				GCC_NO_COMMON_BLOCKS = YES;
				GCC_WARN_64_TO_32_BIT_CONVERSION = YES;
				GCC_WARN_ABOUT_RETURN_TYPE = YES_ERROR;
				GCC_WARN_UNDECLARED_SELECTOR = YES;
				GCC_WARN_UNINITIALIZED_AUTOS = YES_AGGRESSIVE;
				GCC_WARN_UNUSED_FUNCTION = YES;
				GCC_WARN_UNUSED_VARIABLE = YES;
				IPHONEOS_DEPLOYMENT_TARGET = 15.5;
				MTL_ENABLE_DEBUG_INFO = NO;
				MTL_FAST_MATH = YES;
				SDKROOT = iphoneos;
				SWIFT_COMPILATION_MODE = wholemodule;
				SWIFT_OPTIMIZATION_LEVEL = "-O";
				VALIDATE_PRODUCT = YES;
			};
			name = Release;
		};
		FDA62F652861807A00943AF9 /* Debug */ = {
			isa = XCBuildConfiguration;
			buildSettings = {
				ASSETCATALOG_COMPILER_APPICON_NAME = AppIcon;
				ASSETCATALOG_COMPILER_GLOBAL_ACCENT_COLOR_NAME = AccentColor;
				CODE_SIGN_STYLE = Automatic;
				CURRENT_PROJECT_VERSION = 1;
				GENERATE_INFOPLIST_FILE = YES;
				INFOPLIST_FILE = "Lession16-ConnectNetworking/Info.plist";
				INFOPLIST_KEY_UIApplicationSupportsIndirectInputEvents = YES;
				INFOPLIST_KEY_UILaunchStoryboardName = LaunchScreen;
				INFOPLIST_KEY_UIMainStoryboardFile = Main;
				INFOPLIST_KEY_UISupportedInterfaceOrientations_iPad = "UIInterfaceOrientationPortrait UIInterfaceOrientationPortraitUpsideDown UIInterfaceOrientationLandscapeLeft UIInterfaceOrientationLandscapeRight";
				INFOPLIST_KEY_UISupportedInterfaceOrientations_iPhone = "UIInterfaceOrientationPortrait UIInterfaceOrientationLandscapeLeft UIInterfaceOrientationLandscapeRight";
				LD_RUNPATH_SEARCH_PATHS = (
					"$(inherited)",
					"@executable_path/Frameworks",
				);
				MARKETING_VERSION = 1.0;
				PRODUCT_BUNDLE_IDENTIFIER = "com.free.demo.Lession16-ConnectNetworking";
				PRODUCT_NAME = "$(TARGET_NAME)";
				SWIFT_EMIT_LOC_STRINGS = YES;
				SWIFT_VERSION = 5.0;
				TARGETED_DEVICE_FAMILY = "1,2";
			};
			name = Debug;
		};
		FDA62F662861807A00943AF9 /* Release */ = {
			isa = XCBuildConfiguration;
			buildSettings = {
				ASSETCATALOG_COMPILER_APPICON_NAME = AppIcon;
				ASSETCATALOG_COMPILER_GLOBAL_ACCENT_COLOR_NAME = AccentColor;
				CODE_SIGN_STYLE = Automatic;
				CURRENT_PROJECT_VERSION = 1;
				GENERATE_INFOPLIST_FILE = YES;
				INFOPLIST_FILE = "Lession16-ConnectNetworking/Info.plist";
				INFOPLIST_KEY_UIApplicationSupportsIndirectInputEvents = YES;
				INFOPLIST_KEY_UILaunchStoryboardName = LaunchScreen;
				INFOPLIST_KEY_UIMainStoryboardFile = Main;
				INFOPLIST_KEY_UISupportedInterfaceOrientations_iPad = "UIInterfaceOrientationPortrait UIInterfaceOrientationPortraitUpsideDown UIInterfaceOrientationLandscapeLeft UIInterfaceOrientationLandscapeRight";
				INFOPLIST_KEY_UISupportedInterfaceOrientations_iPhone = "UIInterfaceOrientationPortrait UIInterfaceOrientationLandscapeLeft UIInterfaceOrientationLandscapeRight";
				LD_RUNPATH_SEARCH_PATHS = (
					"$(inherited)",
					"@executable_path/Frameworks",
				);
				MARKETING_VERSION = 1.0;
				PRODUCT_BUNDLE_IDENTIFIER = "com.free.demo.Lession16-ConnectNetworking";
				PRODUCT_NAME = "$(TARGET_NAME)";
				SWIFT_EMIT_LOC_STRINGS = YES;
				SWIFT_VERSION = 5.0;
				TARGETED_DEVICE_FAMILY = "1,2";
			};
			name = Release;
		};
/* End XCBuildConfiguration section */

/* Begin XCConfigurationList section */
		FDA62F4B2861807800943AF9 /* Build configuration list for PBXProject "Lession16-ConnectNetworking" */ = {
			isa = XCConfigurationList;
			buildConfigurations = (
				FDA62F622861807A00943AF9 /* Debug */,
				FDA62F632861807A00943AF9 /* Release */,
			);
			defaultConfigurationIsVisible = 0;
			defaultConfigurationName = Release;
		};
		FDA62F642861807A00943AF9 /* Build configuration list for PBXNativeTarget "Lession16-ConnectNetworking" */ = {
			isa = XCConfigurationList;
			buildConfigurations = (
				FDA62F652861807A00943AF9 /* Debug */,
				FDA62F662861807A00943AF9 /* Release */,
			);
			defaultConfigurationIsVisible = 0;
			defaultConfigurationName = Release;
		};
/* End XCConfigurationList section */
	};
	rootObject = FDA62F482861807800943AF9 /* Project object */;
}
