// !$*UTF8*$!
{
	archiveVersion = 1;
	classes = {
	};
	objectVersion = 55;
	objects = {

/* Begin PBXBuildFile section */
		FDD22A84285ADBB000118F93 /* AppDelegate.swift in Sources */ = {isa = PBXBuildFile; fileRef = FDD22A83285ADBB000118F93 /* AppDelegate.swift */; };
		FDD22A86285ADBB000118F93 /* SceneDelegate.swift in Sources */ = {isa = PBXBuildFile; fileRef = FDD22A85285ADBB000118F93 /* SceneDelegate.swift */; };
		FDD22A88285ADBB000118F93 /* ViewController.swift in Sources */ = {isa = PBXBuildFile; fileRef = FDD22A87285ADBB000118F93 /* ViewController.swift */; };
		FDD22A8B285ADBB000118F93 /* Main.storyboard in Resources */ = {isa = PBXBuildFile; fileRef = FDD22A89285ADBB000118F93 /* Main.storyboard */; };
		FDD22A8D285ADBB100118F93 /* Assets.xcassets in Resources */ = {isa = PBXBuildFile; fileRef = FDD22A8C285ADBB100118F93 /* Assets.xcassets */; };
		FDD22A90285ADBB100118F93 /* LaunchScreen.storyboard in Resources */ = {isa = PBXBuildFile; fileRef = FDD22A8E285ADBB100118F93 /* LaunchScreen.storyboard */; };
		FDD22A99285AEB2100118F93 /* LineViewController.swift in Sources */ = {isa = PBXBuildFile; fileRef = FDD22A97285AEB2100118F93 /* LineViewController.swift */; };
		FDD22A9A285AEB2100118F93 /* LineViewController.xib in Resources */ = {isa = PBXBuildFile; fileRef = FDD22A98285AEB2100118F93 /* LineViewController.xib */; };
/* End PBXBuildFile section */

/* Begin PBXFileReference section */
		FDD22A80285ADBB000118F93 /* Lession2-TouchEvent.app */ = {isa = PBXFileReference; explicitFileType = wrapper.application; includeInIndex = 0; path = "Lession2-TouchEvent.app"; sourceTree = BUILT_PRODUCTS_DIR; };
		FDD22A83285ADBB000118F93 /* AppDelegate.swift */ = {isa = PBXFileReference; lastKnownFileType = sourcecode.swift; path = AppDelegate.swift; sourceTree = "<group>"; };
		FDD22A85285ADBB000118F93 /* SceneDelegate.swift */ = {isa = PBXFileReference; lastKnownFileType = sourcecode.swift; path = SceneDelegate.swift; sourceTree = "<group>"; };
		FDD22A87285ADBB000118F93 /* ViewController.swift */ = {isa = PBXFileReference; lastKnownFileType = sourcecode.swift; path = ViewController.swift; sourceTree = "<group>"; };
		FDD22A8A285ADBB000118F93 /* Base */ = {isa = PBXFileReference; lastKnownFileType = file.storyboard; name = Base; path = Base.lproj/Main.storyboard; sourceTree = "<group>"; };
		FDD22A8C285ADBB100118F93 /* Assets.xcassets */ = {isa = PBXFileReference; lastKnownFileType = folder.assetcatalog; path = Assets.xcassets; sourceTree = "<group>"; };
		FDD22A8F285ADBB100118F93 /* Base */ = {isa = PBXFileReference; lastKnownFileType = file.storyboard; name = Base; path = Base.lproj/LaunchScreen.storyboard; sourceTree = "<group>"; };
		FDD22A91285ADBB100118F93 /* Info.plist */ = {isa = PBXFileReference; lastKnownFileType = text.plist.xml; path = Info.plist; sourceTree = "<group>"; };
		FDD22A97285AEB2100118F93 /* LineViewController.swift */ = {isa = PBXFileReference; lastKnownFileType = sourcecode.swift; path = LineViewController.swift; sourceTree = "<group>"; };
		FDD22A98285AEB2100118F93 /* LineViewController.xib */ = {isa = PBXFileReference; lastKnownFileType = file.xib; path = LineViewController.xib; sourceTree = "<group>"; };
/* End PBXFileReference section */

/* Begin PBXFrameworksBuildPhase section */
		FDD22A7D285ADBB000118F93 /* Frameworks */ = {
			isa = PBXFrameworksBuildPhase;
			buildActionMask = 2147483647;
			files = (
			);
			runOnlyForDeploymentPostprocessing = 0;
		};
/* End PBXFrameworksBuildPhase section */

/* Begin PBXGroup section */
		FDD22A77285ADBB000118F93 = {
			isa = PBXGroup;
			children = (
				FDD22A82285ADBB000118F93 /* Lession2-TouchEvent */,
				FDD22A81285ADBB000118F93 /* Products */,
			);
			sourceTree = "<group>";
		};
		FDD22A81285ADBB000118F93 /* Products */ = {
			isa = PBXGroup;
			children = (
				FDD22A80285ADBB000118F93 /* Lession2-TouchEvent.app */,
			);
			name = Products;
			sourceTree = "<group>";
		};
		FDD22A82285ADBB000118F93 /* Lession2-TouchEvent */ = {
			isa = PBXGroup;
			children = (
				FDD22A83285ADBB000118F93 /* AppDelegate.swift */,
				FDD22A85285ADBB000118F93 /* SceneDelegate.swift */,
				FDD22A97285AEB2100118F93 /* LineViewController.swift */,
				FDD22A98285AEB2100118F93 /* LineViewController.xib */,
				FDD22A87285ADBB000118F93 /* ViewController.swift */,
				FDD22A89285ADBB000118F93 /* Main.storyboard */,
				FDD22A8C285ADBB100118F93 /* Assets.xcassets */,
				FDD22A8E285ADBB100118F93 /* LaunchScreen.storyboard */,
				FDD22A91285ADBB100118F93 /* Info.plist */,
			);
			path = "Lession2-TouchEvent";
			sourceTree = "<group>";
		};
/* End PBXGroup section */

/* Begin PBXNativeTarget section */
		FDD22A7F285ADBB000118F93 /* Lession2-TouchEvent */ = {
			isa = PBXNativeTarget;
			buildConfigurationList = FDD22A94285ADBB100118F93 /* Build configuration list for PBXNativeTarget "Lession2-TouchEvent" */;
			buildPhases = (
				FDD22A7C285ADBB000118F93 /* Sources */,
				FDD22A7D285ADBB000118F93 /* Frameworks */,
				FDD22A7E285ADBB000118F93 /* Resources */,
			);
			buildRules = (
			);
			dependencies = (
			);
			name = "Lession2-TouchEvent";
			productName = "Lession2-TouchEvent";
			productReference = FDD22A80285ADBB000118F93 /* Lession2-TouchEvent.app */;
			productType = "com.apple.product-type.application";
		};
/* End PBXNativeTarget section */

/* Begin PBXProject section */
		FDD22A78285ADBB000118F93 /* Project object */ = {
			isa = PBXProject;
			attributes = {
				BuildIndependentTargetsInParallel = 1;
				LastSwiftUpdateCheck = 1340;
				LastUpgradeCheck = 1340;
				TargetAttributes = {
					FDD22A7F285ADBB000118F93 = {
						CreatedOnToolsVersion = 13.4.1;
					};
				};
			};
			buildConfigurationList = FDD22A7B285ADBB000118F93 /* Build configuration list for PBXProject "Lession2-TouchEvent" */;
			compatibilityVersion = "Xcode 13.0";
			developmentRegion = en;
			hasScannedForEncodings = 0;
			knownRegions = (
				en,
				Base,
			);
			mainGroup = FDD22A77285ADBB000118F93;
			productRefGroup = FDD22A81285ADBB000118F93 /* Products */;
			projectDirPath = "";
			projectRoot = "";
			targets = (
				FDD22A7F285ADBB000118F93 /* Lession2-TouchEvent */,
			);
		};
/* End PBXProject section */

/* Begin PBXResourcesBuildPhase section */
		FDD22A7E285ADBB000118F93 /* Resources */ = {
			isa = PBXResourcesBuildPhase;
			buildActionMask = 2147483647;
			files = (
				FDD22A90285ADBB100118F93 /* LaunchScreen.storyboard in Resources */,
				FDD22A8D285ADBB100118F93 /* Assets.xcassets in Resources */,
				FDD22A9A285AEB2100118F93 /* LineViewController.xib in Resources */,
				FDD22A8B285ADBB000118F93 /* Main.storyboard in Resources */,
			);
			runOnlyForDeploymentPostprocessing = 0;
		};
/* End PBXResourcesBuildPhase section */

/* Begin PBXSourcesBuildPhase section */
		FDD22A7C285ADBB000118F93 /* Sources */ = {
			isa = PBXSourcesBuildPhase;
			buildActionMask = 2147483647;
			files = (
				FDD22A88285ADBB000118F93 /* ViewController.swift in Sources */,
				FDD22A84285ADBB000118F93 /* AppDelegate.swift in Sources */,
				FDD22A99285AEB2100118F93 /* LineViewController.swift in Sources */,
				FDD22A86285ADBB000118F93 /* SceneDelegate.swift in Sources */,
			);
			runOnlyForDeploymentPostprocessing = 0;
		};
/* End PBXSourcesBuildPhase section */

/* Begin PBXVariantGroup section */
		FDD22A89285ADBB000118F93 /* Main.storyboard */ = {
			isa = PBXVariantGroup;
			children = (
				FDD22A8A285ADBB000118F93 /* Base */,
			);
			name = Main.storyboard;
			sourceTree = "<group>";
		};
		FDD22A8E285ADBB100118F93 /* LaunchScreen.storyboard */ = {
			isa = PBXVariantGroup;
			children = (
				FDD22A8F285ADBB100118F93 /* Base */,
			);
			name = LaunchScreen.storyboard;
			sourceTree = "<group>";
		};
/* End PBXVariantGroup section */

/* Begin XCBuildConfiguration section */
		FDD22A92285ADBB100118F93 /* Debug */ = {
			isa = XCBuildConfiguration;
			buildSettings = {
				ALWAYS_SEARCH_USER_PATHS = NO;
				CLANG_ANALYZER_NONNULL = YES;
				CLANG_ANALYZER_NUMBER_OBJECT_CONVERSION = YES_AGGRESSIVE;
				CLANG_CXX_LANGUAGE_STANDARD = "gnu++17";
				CLANG_ENABLE_MODULES = YES;
				CLANG_ENABLE_OBJC_ARC = YES;
				CLANG_ENABLE_OBJC_WEAK = YES;
				CLANG_WARN_BLOCK_CAPTURE_AUTORELEASING = YES;
				CLANG_WARN_BOOL_CONVERSION = YES;
				CLANG_WARN_COMMA = YES;
				CLANG_WARN_CONSTANT_CONVERSION = YES;
				CLANG_WARN_DEPRECATED_OBJC_IMPLEMENTATIONS = YES;
				CLANG_WARN_DIRECT_OBJC_ISA_USAGE = YES_ERROR;
				CLANG_WARN_DOCUMENTATION_COMMENTS = YES;
				CLANG_WARN_EMPTY_BODY = YES;
				CLANG_WARN_ENUM_CONVERSION = YES;
				CLANG_WARN_INFINITE_RECURSION = YES;
				CLANG_WARN_INT_CONVERSION = YES;
				CLANG_WARN_NON_LITERAL_NULL_CONVERSION = YES;
				CLANG_WARN_OBJC_IMPLICIT_RETAIN_SELF = YES;
				CLANG_WARN_OBJC_LITERAL_CONVERSION = YES;
				CLANG_WARN_OBJC_ROOT_CLASS = YES_ERROR;
				CLANG_WARN_QUOTED_INCLUDE_IN_FRAMEWORK_HEADER = YES;
				CLANG_WARN_RANGE_LOOP_ANALYSIS = YES;
				CLANG_WARN_STRICT_PROTOTYPES = YES;
				CLANG_WARN_SUSPICIOUS_MOVE = YES;
				CLANG_WARN_UNGUARDED_AVAILABILITY = YES_AGGRESSIVE;
				CLANG_WARN_UNREACHABLE_CODE = YES;
				CLANG_WARN__DUPLICATE_METHOD_MATCH = YES;
				COPY_PHASE_STRIP = NO;
				DEBUG_INFORMATION_FORMAT = dwarf;
				ENABLE_STRICT_OBJC_MSGSEND = YES;
				ENABLE_TESTABILITY = YES;
				GCC_C_LANGUAGE_STANDARD = gnu11;
				GCC_DYNAMIC_NO_PIC = NO;
				GCC_NO_COMMON_BLOCKS = YES;
				GCC_OPTIMIZATION_LEVEL = 0;
				GCC_PREPROCESSOR_DEFINITIONS = (
					"DEBUG=1",
					"$(inherited)",
				);
				GCC_WARN_64_TO_32_BIT_CONVERSION = YES;
				GCC_WARN_ABOUT_RETURN_TYPE = YES_ERROR;
				GCC_WARN_UNDECLARED_SELECTOR = YES;
				GCC_WARN_UNINITIALIZED_AUTOS = YES_AGGRESSIVE;
				GCC_WARN_UNUSED_FUNCTION = YES;
				GCC_WARN_UNUSED_VARIABLE = YES;
				IPHONEOS_DEPLOYMENT_TARGET = 15.5;
				MTL_ENABLE_DEBUG_INFO = INCLUDE_SOURCE;
				MTL_FAST_MATH = YES;
				ONLY_ACTIVE_ARCH = YES;
				SDKROOT = iphoneos;
				SWIFT_ACTIVE_COMPILATION_CONDITIONS = DEBUG;
				SWIFT_OPTIMIZATION_LEVEL = "-Onone";
			};
			name = Debug;
		};
		FDD22A93285ADBB100118F93 /* Release */ = {
			isa = XCBuildConfiguration;
			buildSettings = {
				ALWAYS_SEARCH_USER_PATHS = NO;
				CLANG_ANALYZER_NONNULL = YES;
				CLANG_ANALYZER_NUMBER_OBJECT_CONVERSION = YES_AGGRESSIVE;
				CLANG_CXX_LANGUAGE_STANDARD = "gnu++17";
				CLANG_ENABLE_MODULES = YES;
				CLANG_ENABLE_OBJC_ARC = YES;
				CLANG_ENABLE_OBJC_WEAK = YES;
				CLANG_WARN_BLOCK_CAPTURE_AUTORELEASING = YES;
				CLANG_WARN_BOOL_CONVERSION = YES;
				CLANG_WARN_COMMA = YES;
				CLANG_WARN_CONSTANT_CONVERSION = YES;
				CLANG_WARN_DEPRECATED_OBJC_IMPLEMENTATIONS = YES;
				CLANG_WARN_DIRECT_OBJC_ISA_USAGE = YES_ERROR;
				CLANG_WARN_DOCUMENTATION_COMMENTS = YES;
				CLANG_WARN_EMPTY_BODY = YES;
				CLANG_WARN_ENUM_CONVERSION = YES;
				CLANG_WARN_INFINITE_RECURSION = YES;
				CLANG_WARN_INT_CONVERSION = YES;
				CLANG_WARN_NON_LITERAL_NULL_CONVERSION = YES;
				CLANG_WARN_OBJC_IMPLICIT_RETAIN_SELF = YES;
				CLANG_WARN_OBJC_LITERAL_CONVERSION = YES;
				CLANG_WARN_OBJC_ROOT_CLASS = YES_ERROR;
				CLANG_WARN_QUOTED_INCLUDE_IN_FRAMEWORK_HEADER = YES;
				CLANG_WARN_RANGE_LOOP_ANALYSIS = YES;
				CLANG_WARN_STRICT_PROTOTYPES = YES;
				CLANG_WARN_SUSPICIOUS_MOVE = YES;
				CLANG_WARN_UNGUARDED_AVAILABILITY = YES_AGGRESSIVE;
				CLANG_WARN_UNREACHABLE_CODE = YES;
				CLANG_WARN__DUPLICATE_METHOD_MATCH = YES;
				COPY_PHASE_STRIP = NO;
				DEBUG_INFORMATION_FORMAT = "dwarf-with-dsym";
				ENABLE_NS_ASSERTIONS = NO;
				ENABLE_STRICT_OBJC_MSGSEND = YES;
				GCC_C_LANGUAGE_STANDARD = gnu11;
				GCC_NO_COMMON_BLOCKS = YES;
				GCC_WARN_64_TO_32_BIT_CONVERSION = YES;
				GCC_WARN_ABOUT_RETURN_TYPE = YES_ERROR;
				GCC_WARN_UNDECLARED_SELECTOR = YES;
				GCC_WARN_UNINITIALIZED_AUTOS = YES_AGGRESSIVE;
				GCC_WARN_UNUSED_FUNCTION = YES;
				GCC_WARN_UNUSED_VARIABLE = YES;
				IPHONEOS_DEPLOYMENT_TARGET = 15.5;
				MTL_ENABLE_DEBUG_INFO = NO;
				MTL_FAST_MATH = YES;
				SDKROOT = iphoneos;
				SWIFT_COMPILATION_MODE = wholemodule;
				SWIFT_OPTIMIZATION_LEVEL = "-O";
				VALIDATE_PRODUCT = YES;
			};
			name = Release;
		};
		FDD22A95285ADBB100118F93 /* Debug */ = {
			isa = XCBuildConfiguration;
			buildSettings = {
				ASSETCATALOG_COMPILER_APPICON_NAME = AppIcon;
				ASSETCATALOG_COMPILER_GLOBAL_ACCENT_COLOR_NAME = AccentColor;
				CODE_SIGN_STYLE = Automatic;
				CURRENT_PROJECT_VERSION = 1;
				GENERATE_INFOPLIST_FILE = YES;
				INFOPLIST_FILE = "Lession2-TouchEvent/Info.plist";
				INFOPLIST_KEY_UIApplicationSupportsIndirectInputEvents = YES;
				INFOPLIST_KEY_UILaunchStoryboardName = LaunchScreen;
				INFOPLIST_KEY_UIMainStoryboardFile = Main;
				INFOPLIST_KEY_UISupportedInterfaceOrientations_iPad = "UIInterfaceOrientationPortrait UIInterfaceOrientationPortraitUpsideDown UIInterfaceOrientationLandscapeLeft UIInterfaceOrientationLandscapeRight";
				INFOPLIST_KEY_UISupportedInterfaceOrientations_iPhone = "UIInterfaceOrientationPortrait UIInterfaceOrientationLandscapeLeft UIInterfaceOrientationLandscapeRight";
				LD_RUNPATH_SEARCH_PATHS = (
					"$(inherited)",
					"@executable_path/Frameworks",
				);
				MARKETING_VERSION = 1.0;
				PRODUCT_BUNDLE_IDENTIFIER = "com.free.demo.Lession2-TouchEvent";
				PRODUCT_NAME = "$(TARGET_NAME)";
				SWIFT_EMIT_LOC_STRINGS = YES;
				SWIFT_VERSION = 5.0;
				TARGETED_DEVICE_FAMILY = "1,2";
			};
			name = Debug;
		};
		FDD22A96285ADBB100118F93 /* Release */ = {
			isa = XCBuildConfiguration;
			buildSettings = {
				ASSETCATALOG_COMPILER_APPICON_NAME = AppIcon;
				ASSETCATALOG_COMPILER_GLOBAL_ACCENT_COLOR_NAME = AccentColor;
				CODE_SIGN_STYLE = Automatic;
				CURRENT_PROJECT_VERSION = 1;
				GENERATE_INFOPLIST_FILE = YES;
				INFOPLIST_FILE = "Lession2-TouchEvent/Info.plist";
				INFOPLIST_KEY_UIApplicationSupportsIndirectInputEvents = YES;
				INFOPLIST_KEY_UILaunchStoryboardName = LaunchScreen;
				INFOPLIST_KEY_UIMainStoryboardFile = Main;
				INFOPLIST_KEY_UISupportedInterfaceOrientations_iPad = "UIInterfaceOrientationPortrait UIInterfaceOrientationPortraitUpsideDown UIInterfaceOrientationLandscapeLeft UIInterfaceOrientationLandscapeRight";
				INFOPLIST_KEY_UISupportedInterfaceOrientations_iPhone = "UIInterfaceOrientationPortrait UIInterfaceOrientationLandscapeLeft UIInterfaceOrientationLandscapeRight";
				LD_RUNPATH_SEARCH_PATHS = (
					"$(inherited)",
					"@executable_path/Frameworks",
				);
				MARKETING_VERSION = 1.0;
				PRODUCT_BUNDLE_IDENTIFIER = "com.free.demo.Lession2-TouchEvent";
				PRODUCT_NAME = "$(TARGET_NAME)";
				SWIFT_EMIT_LOC_STRINGS = YES;
				SWIFT_VERSION = 5.0;
				TARGETED_DEVICE_FAMILY = "1,2";
			};
			name = Release;
		};
/* End XCBuildConfiguration section */

/* Begin XCConfigurationList section */
		FDD22A7B285ADBB000118F93 /* Build configuration list for PBXProject "Lession2-TouchEvent" */ = {
			isa = XCConfigurationList;
			buildConfigurations = (
				FDD22A92285ADBB100118F93 /* Debug */,
				FDD22A93285ADBB100118F93 /* Release */,
			);
			defaultConfigurationIsVisible = 0;
			defaultConfigurationName = Release;
		};
		FDD22A94285ADBB100118F93 /* Build configuration list for PBXNativeTarget "Lession2-TouchEvent" */ = {
			isa = XCConfigurationList;
			buildConfigurations = (
				FDD22A95285ADBB100118F93 /* Debug */,
				FDD22A96285ADBB100118F93 /* Release */,
			);
			defaultConfigurationIsVisible = 0;
			defaultConfigurationName = Release;
		};
/* End XCConfigurationList section */
	};
	rootObject = FDD22A78285ADBB000118F93 /* Project object */;
}
